{
  "name": "todo",
  "version": "1.0.0",
  "lockfileVersion": 2,
  "requires": true,
  "packages": {
    "": {
      "name": "todo",
      "version": "1.0.0",
      "license": "ISC",
      "dependencies": {
        "@kanmf/dombuilder": "^1.0.3"
      }
    },
    "node_modules/@kanmf/dombuilder": {
      "version": "1.0.3",
      "resolved": "https://registry.npmjs.org/@kanmf/dombuilder/-/dombuilder-1.0.3.tgz",
      "integrity": "sha512-RDbdbidZOs7b+gAUiIEzr/2mMBl7QfbNZvElCqzrir+DPhKymbglRDU0PMFLRg9yj92hwVNsk1MFKcS2gIMdCw=="
    }
  },
  "dependencies": {
    "@kanmf/dombuilder": {
      "version": "1.0.3",
      "resolved": "https://registry.npmjs.org/@kanmf/dombuilder/-/dombuilder-1.0.3.tgz",
      "integrity": "sha512-RDbdbidZOs7b+gAUiIEzr/2mMBl7QfbNZvElCqzrir+DPhKymbglRDU0PMFLRg9yj92hwVNsk1MFKcS2gIMdCw=="
    }
  }
}
